
Microsoft Visual Studio Solution File, Format Version 12.00
# Visual Studio Version 17
VisualStudioVersion = 17.11.35222.181
MinimumVisualStudioVersion = 10.0.40219.1
Project("{9A19103F-16F7-4668-BE54-9A1E7A4F7556}") = "DemoApiTest", "DemoApiTest\DemoApiTest.csproj", "{47957CF1-E041-43F3-8796-30B881E9988B}"
EndProject
Project("{9A19103F-16F7-4668-BE54-9A1E7A4F7556}") = "FunctionDemo", "FunctionDemo\FunctionDemo.csproj", "{FD1D990C-D75D-423A-BE21-237C78E593C5}"
EndProject
Project("{FAE04EC0-301F-11D3-BF4B-00C04F79EFBC}") = "MVCCoreWebApp", "MVCCoreWebApp\MVCCoreWebApp.csproj", "{BF0EE1FA-FDD5-40E7-88B4-346912DB6780}"
EndProject
Global
	GlobalSection(SolutionConfigurationPlatforms) = preSolution
		Debug|Any CPU = Debug|Any CPU
		Release|Any CPU = Release|Any CPU
	EndGlobalSection
	GlobalSection(ProjectConfigurationPlatforms) = postSolution
		{47957CF1-E041-43F3-8796-30B881E9988B}.Debug|Any CPU.ActiveCfg = Debug|Any CPU
		{47957CF1-E041-43F3-8796-30B881E9988B}.Debug|Any CPU.Build.0 = Debug|Any CPU
		{47957CF1-E041-43F3-8796-30B881E9988B}.Release|Any CPU.ActiveCfg = Release|Any CPU
		{47957CF1-E041-43F3-8796-30B881E9988B}.Release|Any CPU.Build.0 = Release|Any CPU
		{FD1D990C-D75D-423A-BE21-237C78E593C5}.Debug|Any CPU.ActiveCfg = Debug|Any CPU
		{FD1D990C-D75D-423A-BE21-237C78E593C5}.Debug|Any CPU.Build.0 = Debug|Any CPU
		{FD1D990C-D75D-423A-BE21-237C78E593C5}.Release|Any CPU.ActiveCfg = Release|Any CPU
		{FD1D990C-D75D-423A-BE21-237C78E593C5}.Release|Any CPU.Build.0 = Release|Any CPU
		{BF0EE1FA-FDD5-40E7-88B4-346912DB6780}.Debug|Any CPU.ActiveCfg = Debug|Any CPU
		{BF0EE1FA-FDD5-40E7-88B4-346912DB6780}.Debug|Any CPU.Build.0 = Debug|Any CPU
		{BF0EE1FA-FDD5-40E7-88B4-346912DB6780}.Release|Any CPU.ActiveCfg = Release|Any CPU
		{BF0EE1FA-FDD5-40E7-88B4-346912DB6780}.Release|Any CPU.Build.0 = Release|Any CPU
	EndGlobalSection
	GlobalSection(SolutionProperties) = preSolution
		HideSolutionNode = FALSE
	EndGlobalSection
	GlobalSection(ExtensibilityGlobals) = postSolution
		SolutionGuid = {D36849CD-E047-4A0D-91F4-7CD182A4F45B}
	EndGlobalSection
EndGlobal
