
Microsoft Visual Studio Solution File, Format Version 12.00
# Visual Studio Version 17
VisualStudioVersion = 17.11.35222.181
MinimumVisualStudioVersion = 10.0.40219.1
Project("{FAE04EC0-301F-11D3-BF4B-00C04F79EFBC}") = "MVCRestAPIDemos", "MVCRestAPIDemos\MVCRestAPIDemos.csproj", "{47895E4B-A290-4618-8201-1C6079226A34}"
EndProject
Global
	GlobalSection(SolutionConfigurationPlatforms) = preSolution
		Debug|Any CPU = Debug|Any CPU
		Release|Any CPU = Release|Any CPU
	EndGlobalSection
	GlobalSection(ProjectConfigurationPlatforms) = postSolution
		{47895E4B-A290-4618-8201-1C6079226A34}.Debug|Any CPU.ActiveCfg = Debug|Any CPU
		{47895E4B-A290-4618-8201-1C6079226A34}.Debug|Any CPU.Build.0 = Debug|Any CPU
		{47895E4B-A290-4618-8201-1C6079226A34}.Release|Any CPU.ActiveCfg = Release|Any CPU
		{47895E4B-A290-4618-8201-1C6079226A34}.Release|Any CPU.Build.0 = Release|Any CPU
	EndGlobalSection
	GlobalSection(SolutionProperties) = preSolution
		HideSolutionNode = FALSE
	EndGlobalSection
	GlobalSection(ExtensibilityGlobals) = postSolution
		SolutionGuid = {B80266BA-B341-4909-B2F7-AB15FCAFAB0D}
	EndGlobalSection
EndGlobal
